
Microsoft Visual Studio Solution File, Format Version 12.00
Project("{FAE04EC0-301F-11D3-BF4B-00C04F79EFBC}") = "BasketballEquipment", "BasketballEquipment\BasketballEquipment.csproj", "{868BBE48-0611-424B-8F4A-63262A69E788}"
EndProject
Global
	GlobalSection(SolutionConfigurationPlatforms) = preSolution
		Debug|Any CPU = Debug|Any CPU
		Release|Any CPU = Release|Any CPU
	EndGlobalSection
	GlobalSection(ProjectConfigurationPlatforms) = postSolution
		{868BBE48-0611-424B-8F4A-63262A69E788}.Debug|Any CPU.ActiveCfg = Debug|Any CPU
		{868BBE48-0611-424B-8F4A-63262A69E788}.Debug|Any CPU.Build.0 = Debug|Any CPU
		{868BBE48-0611-424B-8F4A-63262A69E788}.Release|Any CPU.ActiveCfg = Release|Any CPU
		{868BBE48-0611-424B-8F4A-63262A69E788}.Release|Any CPU.Build.0 = Release|Any CPU
	EndGlobalSection
EndGlobal
